// !$*UTF8*$!
{
	archiveVersion = 1;
	classes = {
	};
	objectVersion = 46;
	objects = {

/* Begin PBXBuildFile section */
		6165A4211C7DF40400BFE8A9 /* main.m in Sources */ = {isa = PBXBuildFile; fileRef = 6165A4201C7DF40400BFE8A9 /* main.m */; };
		6165A4241C7DF40400BFE8A9 /* AppDelegate.m in Sources */ = {isa = PBXBuildFile; fileRef = 6165A4231C7DF40400BFE8A9 /* AppDelegate.m */; };
		6165A42A1C7DF40400BFE8A9 /* Main.storyboard in Resources */ = {isa = PBXBuildFile; fileRef = 6165A4281C7DF40400BFE8A9 /* Main.storyboard */; };
		6165A42C1C7DF40400BFE8A9 /* Assets.xcassets in Resources */ = {isa = PBXBuildFile; fileRef = 6165A42B1C7DF40400BFE8A9 /* Assets.xcassets */; };
		6165A42F1C7DF40400BFE8A9 /* LaunchScreen.storyboard in Resources */ = {isa = PBXBuildFile; fileRef = 6165A42D1C7DF40400BFE8A9 /* LaunchScreen.storyboard */; };
		6165A4381C7DF43200BFE8A9 /* MineBoard.m in Sources */ = {isa = PBXBuildFile; fileRef = 6165A4371C7DF43200BFE8A9 /* MineBoard.m */; };
		6165A43C1C7DF9A300BFE8A9 /* MineBoardView.m in Sources */ = {isa = PBXBuildFile; fileRef = 6165A43B1C7DF9A300BFE8A9 /* MineBoardView.m */; };
		61D6AC4E1C7EE90900D6CEF0 /* PlayerBoard.m in Sources */ = {isa = PBXBuildFile; fileRef = 61D6AC4D1C7EE90900D6CEF0 /* PlayerBoard.m */; };
		61D6AC511C7F3AC400D6CEF0 /* PlayerBoardViewController.m in Sources */ = {isa = PBXBuildFile; fileRef = 61D6AC501C7F3AC400D6CEF0 /* PlayerBoardViewController.m */; };
		61D6AC541C7F3C1C00D6CEF0 /* PlayerBoardView.m in Sources */ = {isa = PBXBuildFile; fileRef = 61D6AC531C7F3C1C00D6CEF0 /* PlayerBoardView.m */; };
		61D6AC5C1C8182ED00D6CEF0 /* Minesweeper_Icon.png in Resources */ = {isa = PBXBuildFile; fileRef = 61D6AC5B1C8182ED00D6CEF0 /* Minesweeper_Icon.png */; };
		61D6AC601C81838600D6CEF0 /* Minesweeper_Icon1.png in Resources */ = {isa = PBXBuildFile; fileRef = 61D6AC5F1C81838600D6CEF0 /* Minesweeper_Icon1.png */; };
		61D6AC651C82A13C00D6CEF0 /* CellLocation.m in Sources */ = {isa = PBXBuildFile; fileRef = 61D6AC641C82A13C00D6CEF0 /* CellLocation.m */; };
		61D6AC6B1C85E5EB00D6CEF0 /* flagIcon.png in Resources */ = {isa = PBXBuildFile; fileRef = 61D6AC681C85E5EB00D6CEF0 /* flagIcon.png */; };
		61D6AC6C1C85E5EB00D6CEF0 /* mine_flag.png in Resources */ = {isa = PBXBuildFile; fileRef = 61D6AC691C85E5EB00D6CEF0 /* mine_flag.png */; };
/* End PBXBuildFile section */

/* Begin PBXFileReference section */
		6165A41C1C7DF40400BFE8A9 /* mine_sweeper.app */ = {isa = PBXFileReference; explicitFileType = wrapper.application; includeInIndex = 0; path = mine_sweeper.app; sourceTree = BUILT_PRODUCTS_DIR; };
		6165A4201C7DF40400BFE8A9 /* main.m */ = {isa = PBXFileReference; lastKnownFileType = sourcecode.c.objc; path = main.m; sourceTree = "<group>"; };
		6165A4221C7DF40400BFE8A9 /* AppDelegate.h */ = {isa = PBXFileReference; lastKnownFileType = sourcecode.c.h; path = AppDelegate.h; sourceTree = "<group>"; };
		6165A4231C7DF40400BFE8A9 /* AppDelegate.m */ = {isa = PBXFileReference; lastKnownFileType = sourcecode.c.objc; path = AppDelegate.m; sourceTree = "<group>"; };
		6165A4291C7DF40400BFE8A9 /* Base */ = {isa = PBXFileReference; lastKnownFileType = file.storyboard; name = Base; path = Base.lproj/Main.storyboard; sourceTree = "<group>"; };
		6165A42B1C7DF40400BFE8A9 /* Assets.xcassets */ = {isa = PBXFileReference; lastKnownFileType = folder.assetcatalog; path = Assets.xcassets; sourceTree = "<group>"; };
		6165A42E1C7DF40400BFE8A9 /* Base */ = {isa = PBXFileReference; lastKnownFileType = file.storyboard; name = Base; path = Base.lproj/LaunchScreen.storyboard; sourceTree = "<group>"; };
		6165A4301C7DF40400BFE8A9 /* Info.plist */ = {isa = PBXFileReference; lastKnownFileType = text.plist.xml; path = Info.plist; sourceTree = "<group>"; };
		6165A4361C7DF43200BFE8A9 /* MineBoard.h */ = {isa = PBXFileReference; fileEncoding = 4; lastKnownFileType = sourcecode.c.h; path = MineBoard.h; sourceTree = "<group>"; };
		6165A4371C7DF43200BFE8A9 /* MineBoard.m */ = {isa = PBXFileReference; fileEncoding = 4; lastKnownFileType = sourcecode.c.objc; path = MineBoard.m; sourceTree = "<group>"; };
		6165A43A1C7DF9A300BFE8A9 /* MineBoardView.h */ = {isa = PBXFileReference; fileEncoding = 4; lastKnownFileType = sourcecode.c.h; path = MineBoardView.h; sourceTree = "<group>"; };
		6165A43B1C7DF9A300BFE8A9 /* MineBoardView.m */ = {isa = PBXFileReference; fileEncoding = 4; lastKnownFileType = sourcecode.c.objc; path = MineBoardView.m; sourceTree = "<group>"; };
		61D6AC4C1C7EE90900D6CEF0 /* PlayerBoard.h */ = {isa = PBXFileReference; fileEncoding = 4; lastKnownFileType = sourcecode.c.h; path = PlayerBoard.h; sourceTree = "<group>"; };
		61D6AC4D1C7EE90900D6CEF0 /* PlayerBoard.m */ = {isa = PBXFileReference; fileEncoding = 4; lastKnownFileType = sourcecode.c.objc; path = PlayerBoard.m; sourceTree = "<group>"; };
		61D6AC4F1C7F3AC400D6CEF0 /* PlayerBoardViewController.h */ = {isa = PBXFileReference; fileEncoding = 4; lastKnownFileType = sourcecode.c.h; path = PlayerBoardViewController.h; sourceTree = "<group>"; };
		61D6AC501C7F3AC400D6CEF0 /* PlayerBoardViewController.m */ = {isa = PBXFileReference; fileEncoding = 4; lastKnownFileType = sourcecode.c.objc; path = PlayerBoardViewController.m; sourceTree = "<group>"; };
		61D6AC521C7F3C1C00D6CEF0 /* PlayerBoardView.h */ = {isa = PBXFileReference; fileEncoding = 4; lastKnownFileType = sourcecode.c.h; path = PlayerBoardView.h; sourceTree = "<group>"; };
		61D6AC531C7F3C1C00D6CEF0 /* PlayerBoardView.m */ = {isa = PBXFileReference; fileEncoding = 4; lastKnownFileType = sourcecode.c.objc; path = PlayerBoardView.m; sourceTree = "<group>"; };
		61D6AC5B1C8182ED00D6CEF0 /* Minesweeper_Icon.png */ = {isa = PBXFileReference; lastKnownFileType = image.png; path = Minesweeper_Icon.png; sourceTree = "<group>"; };
		61D6AC5F1C81838600D6CEF0 /* Minesweeper_Icon1.png */ = {isa = PBXFileReference; lastKnownFileType = image.png; path = Minesweeper_Icon1.png; sourceTree = "<group>"; };
		61D6AC631C82A13C00D6CEF0 /* CellLocation.h */ = {isa = PBXFileReference; fileEncoding = 4; lastKnownFileType = sourcecode.c.h; path = CellLocation.h; sourceTree = "<group>"; };
		61D6AC641C82A13C00D6CEF0 /* CellLocation.m */ = {isa = PBXFileReference; fileEncoding = 4; lastKnownFileType = sourcecode.c.objc; path = CellLocation.m; sourceTree = "<group>"; };
		61D6AC681C85E5EB00D6CEF0 /* flagIcon.png */ = {isa = PBXFileReference; lastKnownFileType = image.png; path = flagIcon.png; sourceTree = "<group>"; };
		61D6AC691C85E5EB00D6CEF0 /* mine_flag.png */ = {isa = PBXFileReference; lastKnownFileType = image.png; path = mine_flag.png; sourceTree = "<group>"; };
/* End PBXFileReference section */

/* Begin PBXFrameworksBuildPhase section */
		6165A4191C7DF40400BFE8A9 /* Frameworks */ = {
			isa = PBXFrameworksBuildPhase;
			buildActionMask = 2147483647;
			files = (
			);
			runOnlyForDeploymentPostprocessing = 0;
		};
/* End PBXFrameworksBuildPhase section */

/* Begin PBXGroup section */
		6165A4131C7DF40400BFE8A9 = {
			isa = PBXGroup;
			children = (
				6165A41E1C7DF40400BFE8A9 /* mine_sweeper */,
				6165A41D1C7DF40400BFE8A9 /* Products */,
			);
			sourceTree = "<group>";
		};
		6165A41D1C7DF40400BFE8A9 /* Products */ = {
			isa = PBXGroup;
			children = (
				6165A41C1C7DF40400BFE8A9 /* mine_sweeper.app */,
			);
			name = Products;
			sourceTree = "<group>";
		};
		6165A41E1C7DF40400BFE8A9 /* mine_sweeper */ = {
			isa = PBXGroup;
			children = (
				61D6AC581C81811D00D6CEF0 /* Resources */,
				6165A4391C7DF43B00BFE8A9 /* MineSweeper */,
				6165A4221C7DF40400BFE8A9 /* AppDelegate.h */,
				6165A4231C7DF40400BFE8A9 /* AppDelegate.m */,
				6165A4281C7DF40400BFE8A9 /* Main.storyboard */,
				6165A42B1C7DF40400BFE8A9 /* Assets.xcassets */,
				6165A42D1C7DF40400BFE8A9 /* LaunchScreen.storyboard */,
				6165A4301C7DF40400BFE8A9 /* Info.plist */,
				6165A41F1C7DF40400BFE8A9 /* Supporting Files */,
			);
			path = mine_sweeper;
			sourceTree = "<group>";
		};
		6165A41F1C7DF40400BFE8A9 /* Supporting Files */ = {
			isa = PBXGroup;
			children = (
				6165A4201C7DF40400BFE8A9 /* main.m */,
			);
			name = "Supporting Files";
			sourceTree = "<group>";
		};
		6165A4391C7DF43B00BFE8A9 /* MineSweeper */ = {
			isa = PBXGroup;
			children = (
				6165A4361C7DF43200BFE8A9 /* MineBoard.h */,
				6165A4371C7DF43200BFE8A9 /* MineBoard.m */,
				6165A43A1C7DF9A300BFE8A9 /* MineBoardView.h */,
				6165A43B1C7DF9A300BFE8A9 /* MineBoardView.m */,
				61D6AC4C1C7EE90900D6CEF0 /* PlayerBoard.h */,
				61D6AC4D1C7EE90900D6CEF0 /* PlayerBoard.m */,
				61D6AC521C7F3C1C00D6CEF0 /* PlayerBoardView.h */,
				61D6AC531C7F3C1C00D6CEF0 /* PlayerBoardView.m */,
				61D6AC4F1C7F3AC400D6CEF0 /* PlayerBoardViewController.h */,
				61D6AC501C7F3AC400D6CEF0 /* PlayerBoardViewController.m */,
				61D6AC631C82A13C00D6CEF0 /* CellLocation.h */,
				61D6AC641C82A13C00D6CEF0 /* CellLocation.m */,
			);
			name = MineSweeper;
			sourceTree = "<group>";
		};
		61D6AC581C81811D00D6CEF0 /* Resources */ = {
			isa = PBXGroup;
			children = (
				61D6AC5B1C8182ED00D6CEF0 /* Minesweeper_Icon.png */,
				61D6AC5F1C81838600D6CEF0 /* Minesweeper_Icon1.png */,
				61D6AC681C85E5EB00D6CEF0 /* flagIcon.png */,
				61D6AC691C85E5EB00D6CEF0 /* mine_flag.png */,
			);
			name = Resources;
			sourceTree = "<group>";
		};
/* End PBXGroup section */

/* Begin PBXNativeTarget section */
		6165A41B1C7DF40400BFE8A9 /* mine_sweeper */ = {
			isa = PBXNativeTarget;
			buildConfigurationList = 6165A4331C7DF40400BFE8A9 /* Build configuration list for PBXNativeTarget "mine_sweeper" */;
			buildPhases = (
				6165A4181C7DF40400BFE8A9 /* Sources */,
				6165A4191C7DF40400BFE8A9 /* Frameworks */,
				6165A41A1C7DF40400BFE8A9 /* Resources */,
			);
			buildRules = (
			);
			dependencies = (
			);
			name = mine_sweeper;
			productName = mine_sweeper;
			productReference = 6165A41C1C7DF40400BFE8A9 /* mine_sweeper.app */;
			productType = "com.apple.product-type.application";
		};
/* End PBXNativeTarget section */

/* Begin PBXProject section */
		6165A4141C7DF40400BFE8A9 /* Project object */ = {
			isa = PBXProject;
			attributes = {
				LastUpgradeCheck = 0720;
				ORGANIZATIONNAME = "赵小健";
				TargetAttributes = {
					6165A41B1C7DF40400BFE8A9 = {
						CreatedOnToolsVersion = 7.2;
					};
				};
			};
			buildConfigurationList = 6165A4171C7DF40400BFE8A9 /* Build configuration list for PBXProject "mine_sweeper" */;
			compatibilityVersion = "Xcode 3.2";
			developmentRegion = English;
			hasScannedForEncodings = 0;
			knownRegions = (
				en,
				Base,
			);
			mainGroup = 6165A4131C7DF40400BFE8A9;
			productRefGroup = 6165A41D1C7DF40400BFE8A9 /* Products */;
			projectDirPath = "";
			projectRoot = "";
			targets = (
				6165A41B1C7DF40400BFE8A9 /* mine_sweeper */,
			);
		};
/* End PBXProject section */

/* Begin PBXResourcesBuildPhase section */
		6165A41A1C7DF40400BFE8A9 /* Resources */ = {
			isa = PBXResourcesBuildPhase;
			buildActionMask = 2147483647;
			files = (
				61D6AC6B1C85E5EB00D6CEF0 /* flagIcon.png in Resources */,
				61D6AC5C1C8182ED00D6CEF0 /* Minesweeper_Icon.png in Resources */,
				61D6AC6C1C85E5EB00D6CEF0 /* mine_flag.png in Resources */,
				6165A42F1C7DF40400BFE8A9 /* LaunchScreen.storyboard in Resources */,
				6165A42C1C7DF40400BFE8A9 /* Assets.xcassets in Resources */,
				6165A42A1C7DF40400BFE8A9 /* Main.storyboard in Resources */,
				61D6AC601C81838600D6CEF0 /* Minesweeper_Icon1.png in Resources */,
			);
			runOnlyForDeploymentPostprocessing = 0;
		};
/* End PBXResourcesBuildPhase section */

/* Begin PBXSourcesBuildPhase section */
		6165A4181C7DF40400BFE8A9 /* Sources */ = {
			isa = PBXSourcesBuildPhase;
			buildActionMask = 2147483647;
			files = (
				6165A4241C7DF40400BFE8A9 /* AppDelegate.m in Sources */,
				6165A4211C7DF40400BFE8A9 /* main.m in Sources */,
				61D6AC651C82A13C00D6CEF0 /* CellLocation.m in Sources */,
				61D6AC4E1C7EE90900D6CEF0 /* PlayerBoard.m in Sources */,
				61D6AC541C7F3C1C00D6CEF0 /* PlayerBoardView.m in Sources */,
				6165A43C1C7DF9A300BFE8A9 /* MineBoardView.m in Sources */,
				61D6AC511C7F3AC400D6CEF0 /* PlayerBoardViewController.m in Sources */,
				6165A4381C7DF43200BFE8A9 /* MineBoard.m in Sources */,
			);
			runOnlyForDeploymentPostprocessing = 0;
		};
/* End PBXSourcesBuildPhase section */

/* Begin PBXVariantGroup section */
		6165A4281C7DF40400BFE8A9 /* Main.storyboard */ = {
			isa = PBXVariantGroup;
			children = (
				6165A4291C7DF40400BFE8A9 /* Base */,
			);
			name = Main.storyboard;
			sourceTree = "<group>";
		};
		6165A42D1C7DF40400BFE8A9 /* LaunchScreen.storyboard */ = {
			isa = PBXVariantGroup;
			children = (
				6165A42E1C7DF40400BFE8A9 /* Base */,
			);
			name = LaunchScreen.storyboard;
			sourceTree = "<group>";
		};
/* End PBXVariantGroup section */

/* Begin XCBuildConfiguration section */
		6165A4311C7DF40400BFE8A9 /* Debug */ = {
			isa = XCBuildConfiguration;
			buildSettings = {
				ALWAYS_SEARCH_USER_PATHS = NO;
				CLANG_CXX_LANGUAGE_STANDARD = "gnu++0x";
				CLANG_CXX_LIBRARY = "libc++";
				CLANG_ENABLE_MODULES = YES;
				CLANG_ENABLE_OBJC_ARC = YES;
				CLANG_WARN_BOOL_CONVERSION = YES;
				CLANG_WARN_CONSTANT_CONVERSION = YES;
				CLANG_WARN_DIRECT_OBJC_ISA_USAGE = YES_ERROR;
				CLANG_WARN_EMPTY_BODY = YES;
				CLANG_WARN_ENUM_CONVERSION = YES;
				CLANG_WARN_INT_CONVERSION = YES;
				CLANG_WARN_OBJC_ROOT_CLASS = YES_ERROR;
				CLANG_WARN_UNREACHABLE_CODE = YES;
				CLANG_WARN__DUPLICATE_METHOD_MATCH = YES;
				"CODE_SIGN_IDENTITY[sdk=iphoneos*]" = "iPhone Developer";
				COPY_PHASE_STRIP = NO;
				DEBUG_INFORMATION_FORMAT = dwarf;
				ENABLE_STRICT_OBJC_MSGSEND = YES;
				ENABLE_TESTABILITY = YES;
				GCC_C_LANGUAGE_STANDARD = gnu99;
				GCC_DYNAMIC_NO_PIC = NO;
				GCC_NO_COMMON_BLOCKS = YES;
				GCC_OPTIMIZATION_LEVEL = 0;
				GCC_PREPROCESSOR_DEFINITIONS = (
					"DEBUG=1",
					"$(inherited)",
				);
				GCC_WARN_64_TO_32_BIT_CONVERSION = YES;
				GCC_WARN_ABOUT_RETURN_TYPE = YES_ERROR;
				GCC_WARN_UNDECLARED_SELECTOR = YES;
				GCC_WARN_UNINITIALIZED_AUTOS = YES_AGGRESSIVE;
				GCC_WARN_UNUSED_FUNCTION = YES;
				GCC_WARN_UNUSED_VARIABLE = YES;
				IPHONEOS_DEPLOYMENT_TARGET = 9.2;
				MTL_ENABLE_DEBUG_INFO = YES;
				ONLY_ACTIVE_ARCH = YES;
				SDKROOT = iphoneos;
				TARGETED_DEVICE_FAMILY = "1,2";
			};
			name = Debug;
		};
		6165A4321C7DF40400BFE8A9 /* Release */ = {
			isa = XCBuildConfiguration;
			buildSettings = {
				ALWAYS_SEARCH_USER_PATHS = NO;
				CLANG_CXX_LANGUAGE_STANDARD = "gnu++0x";
				CLANG_CXX_LIBRARY = "libc++";
				CLANG_ENABLE_MODULES = YES;
				CLANG_ENABLE_OBJC_ARC = YES;
				CLANG_WARN_BOOL_CONVERSION = YES;
				CLANG_WARN_CONSTANT_CONVERSION = YES;
				CLANG_WARN_DIRECT_OBJC_ISA_USAGE = YES_ERROR;
				CLANG_WARN_EMPTY_BODY = YES;
				CLANG_WARN_ENUM_CONVERSION = YES;
				CLANG_WARN_INT_CONVERSION = YES;
				CLANG_WARN_OBJC_ROOT_CLASS = YES_ERROR;
				CLANG_WARN_UNREACHABLE_CODE = YES;
				CLANG_WARN__DUPLICATE_METHOD_MATCH = YES;
				"CODE_SIGN_IDENTITY[sdk=iphoneos*]" = "iPhone Developer";
				COPY_PHASE_STRIP = NO;
				DEBUG_INFORMATION_FORMAT = "dwarf-with-dsym";
				ENABLE_NS_ASSERTIONS = NO;
				ENABLE_STRICT_OBJC_MSGSEND = YES;
				GCC_C_LANGUAGE_STANDARD = gnu99;
				GCC_NO_COMMON_BLOCKS = YES;
				GCC_WARN_64_TO_32_BIT_CONVERSION = YES;
				GCC_WARN_ABOUT_RETURN_TYPE = YES_ERROR;
				GCC_WARN_UNDECLARED_SELECTOR = YES;
				GCC_WARN_UNINITIALIZED_AUTOS = YES_AGGRESSIVE;
				GCC_WARN_UNUSED_FUNCTION = YES;
				GCC_WARN_UNUSED_VARIABLE = YES;
				IPHONEOS_DEPLOYMENT_TARGET = 9.2;
				MTL_ENABLE_DEBUG_INFO = NO;
				SDKROOT = iphoneos;
				TARGETED_DEVICE_FAMILY = "1,2";
				VALIDATE_PRODUCT = YES;
			};
			name = Release;
		};
		6165A4341C7DF40400BFE8A9 /* Debug */ = {
			isa = XCBuildConfiguration;
			buildSettings = {
				ASSETCATALOG_COMPILER_APPICON_NAME = AppIcon;
				INFOPLIST_FILE = mine_sweeper/Info.plist;
				IPHONEOS_DEPLOYMENT_TARGET = 6.0;
				LD_RUNPATH_SEARCH_PATHS = "$(inherited) @executable_path/Frameworks";
				PRODUCT_BUNDLE_IDENTIFIER = "com.xillysoft.mine-sweeper";
				PRODUCT_NAME = "$(TARGET_NAME)";
			};
			name = Debug;
		};
		6165A4351C7DF40400BFE8A9 /* Release */ = {
			isa = XCBuildConfiguration;
			buildSettings = {
				ASSETCATALOG_COMPILER_APPICON_NAME = AppIcon;
				INFOPLIST_FILE = mine_sweeper/Info.plist;
				IPHONEOS_DEPLOYMENT_TARGET = 6.0;
				LD_RUNPATH_SEARCH_PATHS = "$(inherited) @executable_path/Frameworks";
				PRODUCT_BUNDLE_IDENTIFIER = "com.xillysoft.mine-sweeper";
				PRODUCT_NAME = "$(TARGET_NAME)";
			};
			name = Release;
		};
/* End XCBuildConfiguration section */

/* Begin XCConfigurationList section */
		6165A4171C7DF40400BFE8A9 /* Build configuration list for PBXProject "mine_sweeper" */ = {
			isa = XCConfigurationList;
			buildConfigurations = (
				6165A4311C7DF40400BFE8A9 /* Debug */,
				6165A4321C7DF40400BFE8A9 /* Release */,
			);
			defaultConfigurationIsVisible = 0;
			defaultConfigurationName = Release;
		};
		6165A4331C7DF40400BFE8A9 /* Build configuration list for PBXNativeTarget "mine_sweeper" */ = {
			isa = XCConfigurationList;
			buildConfigurations = (
				6165A4341C7DF40400BFE8A9 /* Debug */,
				6165A4351C7DF40400BFE8A9 /* Release */,
			);
			defaultConfigurationIsVisible = 0;
			defaultConfigurationName = Release;
		};
/* End XCConfigurationList section */
	};
	rootObject = 6165A4141C7DF40400BFE8A9 /* Project object */;
}
